
Microsoft Visual Studio Solution File, Format Version 12.00
# Visual Studio Version 17
VisualStudioVersion = 17.13.35825.156
MinimumVisualStudioVersion = 10.0.40219.1
Project("{FAE04EC0-301F-11D3-BF4B-00C04F79EFBC}") = "GLCServicios", "GLCServicios\GLCServicios.csproj", "{4122CD9D-FBE6-4D0A-BED8-FEBC7D19A948}"
EndProject
Project("{FAE04EC0-301F-11D3-BF4B-00C04F79EFBC}") = "GLCService.BusinessLogic", "GLCService.BusinessLogic\GLCService.BusinessLogic.csproj", "{E0DBE0FB-D2B3-4DA7-8701-A34CDE4F2CD1}"
EndProject
Project("{FAE04EC0-301F-11D3-BF4B-00C04F79EFBC}") = "GLCService.DataAccess", "GLCService.DataAccess\GLCService.DataAccess.csproj", "{063A6CE0-8BD9-4C72-BD8E-8E18657E9A51}"
EndProject
Project("{2150E333-8FDC-42A3-9474-1A3956D46DE8}") = "01 - WebApi", "01 - WebApi", "{02EA681E-C7D8-13C7-8484-4AC65E1B71E8}"
EndProject
Project("{2150E333-8FDC-42A3-9474-1A3956D46DE8}") = "02 - Domain", "02 - Domain", "{8951323F-586B-49F4-8008-D64BD1312643}"
EndProject
Project("{2150E333-8FDC-42A3-9474-1A3956D46DE8}") = "03 - Infrastructure", "03 - Infrastructure", "{D830C5BF-DCA9-487D-8CF2-EE41C72561C6}"
EndProject
Global
	GlobalSection(SolutionConfigurationPlatforms) = preSolution
		Debug|Any CPU = Debug|Any CPU
		Release|Any CPU = Release|Any CPU
	EndGlobalSection
	GlobalSection(ProjectConfigurationPlatforms) = postSolution
		{4122CD9D-FBE6-4D0A-BED8-FEBC7D19A948}.Debug|Any CPU.ActiveCfg = Debug|Any CPU
		{4122CD9D-FBE6-4D0A-BED8-FEBC7D19A948}.Debug|Any CPU.Build.0 = Debug|Any CPU
		{4122CD9D-FBE6-4D0A-BED8-FEBC7D19A948}.Release|Any CPU.ActiveCfg = Release|Any CPU
		{4122CD9D-FBE6-4D0A-BED8-FEBC7D19A948}.Release|Any CPU.Build.0 = Release|Any CPU
		{E0DBE0FB-D2B3-4DA7-8701-A34CDE4F2CD1}.Debug|Any CPU.ActiveCfg = Debug|Any CPU
		{E0DBE0FB-D2B3-4DA7-8701-A34CDE4F2CD1}.Debug|Any CPU.Build.0 = Debug|Any CPU
		{E0DBE0FB-D2B3-4DA7-8701-A34CDE4F2CD1}.Release|Any CPU.ActiveCfg = Release|Any CPU
		{E0DBE0FB-D2B3-4DA7-8701-A34CDE4F2CD1}.Release|Any CPU.Build.0 = Release|Any CPU
		{063A6CE0-8BD9-4C72-BD8E-8E18657E9A51}.Debug|Any CPU.ActiveCfg = Debug|Any CPU
		{063A6CE0-8BD9-4C72-BD8E-8E18657E9A51}.Debug|Any CPU.Build.0 = Debug|Any CPU
		{063A6CE0-8BD9-4C72-BD8E-8E18657E9A51}.Release|Any CPU.ActiveCfg = Release|Any CPU
		{063A6CE0-8BD9-4C72-BD8E-8E18657E9A51}.Release|Any CPU.Build.0 = Release|Any CPU
	EndGlobalSection
	GlobalSection(SolutionProperties) = preSolution
		HideSolutionNode = FALSE
	EndGlobalSection
	GlobalSection(NestedProjects) = preSolution
		{4122CD9D-FBE6-4D0A-BED8-FEBC7D19A948} = {02EA681E-C7D8-13C7-8484-4AC65E1B71E8}
		{E0DBE0FB-D2B3-4DA7-8701-A34CDE4F2CD1} = {8951323F-586B-49F4-8008-D64BD1312643}
		{063A6CE0-8BD9-4C72-BD8E-8E18657E9A51} = {D830C5BF-DCA9-487D-8CF2-EE41C72561C6}
	EndGlobalSection
	GlobalSection(ExtensibilityGlobals) = postSolution
		SolutionGuid = {B6E16A3B-A128-4070-A80E-4F7188C75BF0}
	EndGlobalSection
EndGlobal
